
Microsoft Visual Studio Solution File, Format Version 12.00
# Visual Studio 2013
VisualStudioVersion = 12.0.30723.0
MinimumVisualStudioVersion = 10.0.40219.1
Project("{FAE04EC0-301F-11D3-BF4B-00C04F79EFBC}") = "EngineCore", "EngineCore\EngineCore.csproj", "{C29C63AB-7CFB-4EAA-BE26-9F225FB9E007}"
EndProject
Project("{FAE04EC0-301F-11D3-BF4B-00C04F79EFBC}") = "GameApplication", "GameApplication\GameApplication.csproj", "{8DAA5ABB-7DF7-4FA9-BA02-7FFC5D8C934F}"
EndProject
Project("{2150E333-8FDC-42A3-9474-1A3956D46DE8}") = "Solution Items", "Solution Items", "{D55EACF0-3E25-4003-A8EB-A6478EAF7AAE}"
	ProjectSection(SolutionItems) = preProject
		Performance1.psess = Performance1.psess
	EndProjectSection
EndProject
Global
	GlobalSection(SolutionConfigurationPlatforms) = preSolution
		Debug|x64 = Debug|x64
		Debug|x86 = Debug|x86
		Release|x64 = Release|x64
		Release|x86 = Release|x86
	EndGlobalSection
	GlobalSection(ProjectConfigurationPlatforms) = postSolution
		{C29C63AB-7CFB-4EAA-BE26-9F225FB9E007}.Debug|x64.ActiveCfg = Debug|x64
		{C29C63AB-7CFB-4EAA-BE26-9F225FB9E007}.Debug|x64.Build.0 = Debug|x64
		{C29C63AB-7CFB-4EAA-BE26-9F225FB9E007}.Debug|x86.ActiveCfg = Debug|x86
		{C29C63AB-7CFB-4EAA-BE26-9F225FB9E007}.Debug|x86.Build.0 = Debug|x86
		{C29C63AB-7CFB-4EAA-BE26-9F225FB9E007}.Release|x64.ActiveCfg = Release|x64
		{C29C63AB-7CFB-4EAA-BE26-9F225FB9E007}.Release|x64.Build.0 = Release|x64
		{C29C63AB-7CFB-4EAA-BE26-9F225FB9E007}.Release|x86.ActiveCfg = Release|x86
		{C29C63AB-7CFB-4EAA-BE26-9F225FB9E007}.Release|x86.Build.0 = Release|x86
		{8DAA5ABB-7DF7-4FA9-BA02-7FFC5D8C934F}.Debug|x64.ActiveCfg = Debug|x64
		{8DAA5ABB-7DF7-4FA9-BA02-7FFC5D8C934F}.Debug|x64.Build.0 = Debug|x64
		{8DAA5ABB-7DF7-4FA9-BA02-7FFC5D8C934F}.Debug|x86.ActiveCfg = Debug|x86
		{8DAA5ABB-7DF7-4FA9-BA02-7FFC5D8C934F}.Debug|x86.Build.0 = Debug|x86
		{8DAA5ABB-7DF7-4FA9-BA02-7FFC5D8C934F}.Release|x64.ActiveCfg = Release|x64
		{8DAA5ABB-7DF7-4FA9-BA02-7FFC5D8C934F}.Release|x64.Build.0 = Release|x64
		{8DAA5ABB-7DF7-4FA9-BA02-7FFC5D8C934F}.Release|x86.ActiveCfg = Release|x86
		{8DAA5ABB-7DF7-4FA9-BA02-7FFC5D8C934F}.Release|x86.Build.0 = Release|x86
	EndGlobalSection
	GlobalSection(SolutionProperties) = preSolution
		HideSolutionNode = FALSE
	EndGlobalSection
	GlobalSection(Performance) = preSolution
		HasPerformanceSessions = true
	EndGlobalSection
EndGlobal
